
Microsoft Visual Studio Solution File, Format Version 12.00
# Visual Studio Version 16
VisualStudioVersion = 16.0.33423.256
MinimumVisualStudioVersion = 10.0.40219.1
Project("{F184B08F-C81C-45F6-A57F-5ABD9991F28F}") = "QLSV_vb", "QLSV_vb.vbproj", "{4B7AFB81-D50B-4266-A290-8056DAD5C366}"
EndProject
Global
	GlobalSection(SolutionConfigurationPlatforms) = preSolution
		Debug|Any CPU = Debug|Any CPU
		Release|Any CPU = Release|Any CPU
	EndGlobalSection
	GlobalSection(ProjectConfigurationPlatforms) = postSolution
		{4B7AFB81-D50B-4266-A290-8056DAD5C366}.Debug|Any CPU.ActiveCfg = Debug|Any CPU
		{4B7AFB81-D50B-4266-A290-8056DAD5C366}.Debug|Any CPU.Build.0 = Debug|Any CPU
		{4B7AFB81-D50B-4266-A290-8056DAD5C366}.Release|Any CPU.ActiveCfg = Release|Any CPU
		{4B7AFB81-D50B-4266-A290-8056DAD5C366}.Release|Any CPU.Build.0 = Release|Any CPU
	EndGlobalSection
	GlobalSection(SolutionProperties) = preSolution
		HideSolutionNode = FALSE
	EndGlobalSection
	GlobalSection(ExtensibilityGlobals) = postSolution
		SolutionGuid = {200C3783-151A-413F-9DE0-74A16788196C}
	EndGlobalSection
EndGlobal
